// !$*UTF8*$!
{
	archiveVersion = 1;
	classes = {
	};
	objectVersion = 77;
	objects = {

/* Begin PBXBuildFile section */
		59875A962DDE5B4C00044E2E /* Secrets.xcconfig in Resources */ = {isa = PBXBuildFile; fileRef = 59875A952DDE5B4C00044E2E /* Secrets.xcconfig */; };
/* End PBXBuildFile section */

/* Begin PBXContainerItemProxy section */
		59875A5C2DDDEDA200044E2E /* PBXContainerItemProxy */ = {
			isa = PBXContainerItemProxy;
			containerPortal = 59875A412DDDEDA100044E2E /* Project object */;
			proxyType = 1;
			remoteGlobalIDString = 59875A482DDDEDA100044E2E;
			remoteInfo = AIChatBot;
		};
		59875A662DDDEDA200044E2E /* PBXContainerItemProxy */ = {
			isa = PBXContainerItemProxy;
			containerPortal = 59875A412DDDEDA100044E2E /* Project object */;
			proxyType = 1;
			remoteGlobalIDString = 59875A482DDDEDA100044E2E;
			remoteInfo = AIChatBot;
		};
/* End PBXContainerItemProxy section */

/* Begin PBXFileReference section */
		59875A492DDDEDA100044E2E /* AIChatBot.app */ = {isa = PBXFileReference; explicitFileType = wrapper.application; includeInIndex = 0; path = AIChatBot.app; sourceTree = BUILT_PRODUCTS_DIR; };
		59875A5B2DDDEDA200044E2E /* AIChatBotTests.xctest */ = {isa = PBXFileReference; explicitFileType = wrapper.cfbundle; includeInIndex = 0; path = AIChatBotTests.xctest; sourceTree = BUILT_PRODUCTS_DIR; };
		59875A652DDDEDA200044E2E /* AIChatBotUITests.xctest */ = {isa = PBXFileReference; explicitFileType = wrapper.cfbundle; includeInIndex = 0; path = AIChatBotUITests.xctest; sourceTree = BUILT_PRODUCTS_DIR; };
		59875A952DDE5B4C00044E2E /* Secrets.xcconfig */ = {isa = PBXFileReference; lastKnownFileType = text.xcconfig; path = Secrets.xcconfig; sourceTree = "<group>"; };
		59EC65672DE1AB92009F71B1 /* Info.plist */ = {isa = PBXFileReference; lastKnownFileType = text.plist; path = Info.plist; sourceTree = "<group>"; };
/* End PBXFileReference section */

/* Begin PBXFileSystemSynchronizedRootGroup section */
		59875A4B2DDDEDA100044E2E /* AIChatBot */ = {
			isa = PBXFileSystemSynchronizedRootGroup;
			path = AIChatBot;
			sourceTree = "<group>";
		};
		59875A5E2DDDEDA200044E2E /* AIChatBotTests */ = {
			isa = PBXFileSystemSynchronizedRootGroup;
			path = AIChatBotTests;
			sourceTree = "<group>";
		};
		59875A682DDDEDA200044E2E /* AIChatBotUITests */ = {
			isa = PBXFileSystemSynchronizedRootGroup;
			path = AIChatBotUITests;
			sourceTree = "<group>";
		};
/* End PBXFileSystemSynchronizedRootGroup section */

/* Begin PBXFrameworksBuildPhase section */
		59875A462DDDEDA100044E2E /* Frameworks */ = {
			isa = PBXFrameworksBuildPhase;
			buildActionMask = 2147483647;
			files = (
			);
			runOnlyForDeploymentPostprocessing = 0;
		};
		59875A582DDDEDA200044E2E /* Frameworks */ = {
			isa = PBXFrameworksBuildPhase;
			buildActionMask = 2147483647;
			files = (
			);
			runOnlyForDeploymentPostprocessing = 0;
		};
		59875A622DDDEDA200044E2E /* Frameworks */ = {
			isa = PBXFrameworksBuildPhase;
			buildActionMask = 2147483647;
			files = (
			);
			runOnlyForDeploymentPostprocessing = 0;
		};
/* End PBXFrameworksBuildPhase section */

/* Begin PBXGroup section */
		59875A402DDDEDA100044E2E = {
			isa = PBXGroup;
			children = (
				59EC65672DE1AB92009F71B1 /* Info.plist */,
				59875A952DDE5B4C00044E2E /* Secrets.xcconfig */,
				59875A4B2DDDEDA100044E2E /* AIChatBot */,
				59875A5E2DDDEDA200044E2E /* AIChatBotTests */,
				59875A682DDDEDA200044E2E /* AIChatBotUITests */,
				59875A4A2DDDEDA100044E2E /* Products */,
			);
			sourceTree = "<group>";
		};
		59875A4A2DDDEDA100044E2E /* Products */ = {
			isa = PBXGroup;
			children = (
				59875A492DDDEDA100044E2E /* AIChatBot.app */,
				59875A5B2DDDEDA200044E2E /* AIChatBotTests.xctest */,
				59875A652DDDEDA200044E2E /* AIChatBotUITests.xctest */,
			);
			name = Products;
			sourceTree = "<group>";
		};
/* End PBXGroup section */

/* Begin PBXNativeTarget section */
		59875A482DDDEDA100044E2E /* AIChatBot */ = {
			isa = PBXNativeTarget;
			buildConfigurationList = 59875A6F2DDDEDA200044E2E /* Build configuration list for PBXNativeTarget "AIChatBot" */;
			buildPhases = (
				59875A452DDDEDA100044E2E /* Sources */,
				59875A462DDDEDA100044E2E /* Frameworks */,
				59875A472DDDEDA100044E2E /* Resources */,
			);
			buildRules = (
			);
			dependencies = (
			);
			fileSystemSynchronizedGroups = (
				59875A4B2DDDEDA100044E2E /* AIChatBot */,
			);
			name = AIChatBot;
			packageProductDependencies = (
			);
			productName = AIChatBot;
			productReference = 59875A492DDDEDA100044E2E /* AIChatBot.app */;
			productType = "com.apple.product-type.application";
		};
		59875A5A2DDDEDA200044E2E /* AIChatBotTests */ = {
			isa = PBXNativeTarget;
			buildConfigurationList = 59875A722DDDEDA200044E2E /* Build configuration list for PBXNativeTarget "AIChatBotTests" */;
			buildPhases = (
				59875A572DDDEDA200044E2E /* Sources */,
				59875A582DDDEDA200044E2E /* Frameworks */,
				59875A592DDDEDA200044E2E /* Resources */,
			);
			buildRules = (
			);
			dependencies = (
				59875A5D2DDDEDA200044E2E /* PBXTargetDependency */,
			);
			fileSystemSynchronizedGroups = (
				59875A5E2DDDEDA200044E2E /* AIChatBotTests */,
			);
			name = AIChatBotTests;
			packageProductDependencies = (
			);
			productName = AIChatBotTests;
			productReference = 59875A5B2DDDEDA200044E2E /* AIChatBotTests.xctest */;
			productType = "com.apple.product-type.bundle.unit-test";
		};
		59875A642DDDEDA200044E2E /* AIChatBotUITests */ = {
			isa = PBXNativeTarget;
			buildConfigurationList = 59875A752DDDEDA200044E2E /* Build configuration list for PBXNativeTarget "AIChatBotUITests" */;
			buildPhases = (
				59875A612DDDEDA200044E2E /* Sources */,
				59875A622DDDEDA200044E2E /* Frameworks */,
				59875A632DDDEDA200044E2E /* Resources */,
			);
			buildRules = (
			);
			dependencies = (
				59875A672DDDEDA200044E2E /* PBXTargetDependency */,
			);
			fileSystemSynchronizedGroups = (
				59875A682DDDEDA200044E2E /* AIChatBotUITests */,
			);
			name = AIChatBotUITests;
			packageProductDependencies = (
			);
			productName = AIChatBotUITests;
			productReference = 59875A652DDDEDA200044E2E /* AIChatBotUITests.xctest */;
			productType = "com.apple.product-type.bundle.ui-testing";
		};
/* End PBXNativeTarget section */

/* Begin PBXProject section */
		59875A412DDDEDA100044E2E /* Project object */ = {
			isa = PBXProject;
			attributes = {
				BuildIndependentTargetsInParallel = 1;
				LastSwiftUpdateCheck = 1620;
				LastUpgradeCheck = 1620;
				TargetAttributes = {
					59875A482DDDEDA100044E2E = {
						CreatedOnToolsVersion = 16.2;
					};
					59875A5A2DDDEDA200044E2E = {
						CreatedOnToolsVersion = 16.2;
						TestTargetID = 59875A482DDDEDA100044E2E;
					};
					59875A642DDDEDA200044E2E = {
						CreatedOnToolsVersion = 16.2;
						TestTargetID = 59875A482DDDEDA100044E2E;
					};
				};
			};
			buildConfigurationList = 59875A442DDDEDA100044E2E /* Build configuration list for PBXProject "AIChatBot" */;
			developmentRegion = en;
			hasScannedForEncodings = 0;
			knownRegions = (
				en,
				Base,
			);
			mainGroup = 59875A402DDDEDA100044E2E;
			minimizedProjectReferenceProxies = 1;
			preferredProjectObjectVersion = 77;
			productRefGroup = 59875A4A2DDDEDA100044E2E /* Products */;
			projectDirPath = "";
			projectRoot = "";
			targets = (
				59875A482DDDEDA100044E2E /* AIChatBot */,
				59875A5A2DDDEDA200044E2E /* AIChatBotTests */,
				59875A642DDDEDA200044E2E /* AIChatBotUITests */,
			);
		};
/* End PBXProject section */

/* Begin PBXResourcesBuildPhase section */
		59875A472DDDEDA100044E2E /* Resources */ = {
			isa = PBXResourcesBuildPhase;
			buildActionMask = 2147483647;
			files = (
				59875A962DDE5B4C00044E2E /* Secrets.xcconfig in Resources */,
			);
			runOnlyForDeploymentPostprocessing = 0;
		};
		59875A592DDDEDA200044E2E /* Resources */ = {
			isa = PBXResourcesBuildPhase;
			buildActionMask = 2147483647;
			files = (
			);
			runOnlyForDeploymentPostprocessing = 0;
		};
		59875A632DDDEDA200044E2E /* Resources */ = {
			isa = PBXResourcesBuildPhase;
			buildActionMask = 2147483647;
			files = (
			);
			runOnlyForDeploymentPostprocessing = 0;
		};
/* End PBXResourcesBuildPhase section */

/* Begin PBXSourcesBuildPhase section */
		59875A452DDDEDA100044E2E /* Sources */ = {
			isa = PBXSourcesBuildPhase;
			buildActionMask = 2147483647;
			files = (
			);
			runOnlyForDeploymentPostprocessing = 0;
		};
		59875A572DDDEDA200044E2E /* Sources */ = {
			isa = PBXSourcesBuildPhase;
			buildActionMask = 2147483647;
			files = (
			);
			runOnlyForDeploymentPostprocessing = 0;
		};
		59875A612DDDEDA200044E2E /* Sources */ = {
			isa = PBXSourcesBuildPhase;
			buildActionMask = 2147483647;
			files = (
			);
			runOnlyForDeploymentPostprocessing = 0;
		};
/* End PBXSourcesBuildPhase section */

/* Begin PBXTargetDependency section */
		59875A5D2DDDEDA200044E2E /* PBXTargetDependency */ = {
			isa = PBXTargetDependency;
			target = 59875A482DDDEDA100044E2E /* AIChatBot */;
			targetProxy = 59875A5C2DDDEDA200044E2E /* PBXContainerItemProxy */;
		};
		59875A672DDDEDA200044E2E /* PBXTargetDependency */ = {
			isa = PBXTargetDependency;
			target = 59875A482DDDEDA100044E2E /* AIChatBot */;
			targetProxy = 59875A662DDDEDA200044E2E /* PBXContainerItemProxy */;
		};
/* End PBXTargetDependency section */

/* Begin XCBuildConfiguration section */
		59875A6D2DDDEDA200044E2E /* Debug */ = {
			isa = XCBuildConfiguration;
			baseConfigurationReference = 59875A952DDE5B4C00044E2E /* Secrets.xcconfig */;
			buildSettings = {
				ALWAYS_SEARCH_USER_PATHS = NO;
				ASSETCATALOG_COMPILER_GENERATE_SWIFT_ASSET_SYMBOL_EXTENSIONS = YES;
				CLANG_ANALYZER_NONNULL = YES;
				CLANG_ANALYZER_NUMBER_OBJECT_CONVERSION = YES_AGGRESSIVE;
				CLANG_CXX_LANGUAGE_STANDARD = "gnu++20";
				CLANG_ENABLE_MODULES = YES;
				CLANG_ENABLE_OBJC_ARC = YES;
				CLANG_ENABLE_OBJC_WEAK = YES;
				CLANG_WARN_BLOCK_CAPTURE_AUTORELEASING = YES;
				CLANG_WARN_BOOL_CONVERSION = YES;
				CLANG_WARN_COMMA = YES;
				CLANG_WARN_CONSTANT_CONVERSION = YES;
				CLANG_WARN_DEPRECATED_OBJC_IMPLEMENTATIONS = YES;
				CLANG_WARN_DIRECT_OBJC_ISA_USAGE = YES_ERROR;
				CLANG_WARN_DOCUMENTATION_COMMENTS = YES;
				CLANG_WARN_EMPTY_BODY = YES;
				CLANG_WARN_ENUM_CONVERSION = YES;
				CLANG_WARN_INFINITE_RECURSION = YES;
				CLANG_WARN_INT_CONVERSION = YES;
				CLANG_WARN_NON_LITERAL_NULL_CONVERSION = YES;
				CLANG_WARN_OBJC_IMPLICIT_RETAIN_SELF = YES;
				CLANG_WARN_OBJC_LITERAL_CONVERSION = YES;
				CLANG_WARN_OBJC_ROOT_CLASS = YES_ERROR;
				CLANG_WARN_QUOTED_INCLUDE_IN_FRAMEWORK_HEADER = YES;
				CLANG_WARN_RANGE_LOOP_ANALYSIS = YES;
				CLANG_WARN_STRICT_PROTOTYPES = YES;
				CLANG_WARN_SUSPICIOUS_MOVE = YES;
				CLANG_WARN_UNGUARDED_AVAILABILITY = YES_AGGRESSIVE;
				CLANG_WARN_UNREACHABLE_CODE = YES;
				CLANG_WARN__DUPLICATE_METHOD_MATCH = YES;
				COPY_PHASE_STRIP = NO;
				DEBUG_INFORMATION_FORMAT = dwarf;
				ENABLE_STRICT_OBJC_MSGSEND = YES;
				ENABLE_TESTABILITY = YES;
				ENABLE_USER_SCRIPT_SANDBOXING = YES;
				GCC_C_LANGUAGE_STANDARD = gnu17;
				GCC_DYNAMIC_NO_PIC = NO;
				GCC_NO_COMMON_BLOCKS = YES;
				GCC_OPTIMIZATION_LEVEL = 0;
				GCC_PREPROCESSOR_DEFINITIONS = (
					"DEBUG=1",
					"$(inherited)",
				);
				GCC_WARN_64_TO_32_BIT_CONVERSION = YES;
				GCC_WARN_ABOUT_RETURN_TYPE = YES_ERROR;
				GCC_WARN_UNDECLARED_SELECTOR = YES;
				GCC_WARN_UNINITIALIZED_AUTOS = YES_AGGRESSIVE;
				GCC_WARN_UNUSED_FUNCTION = YES;
				GCC_WARN_UNUSED_VARIABLE = YES;
				IPHONEOS_DEPLOYMENT_TARGET = 18.2;
				LOCALIZATION_PREFERS_STRING_CATALOGS = YES;
				MTL_ENABLE_DEBUG_INFO = INCLUDE_SOURCE;
				MTL_FAST_MATH = YES;
				ONLY_ACTIVE_ARCH = YES;
				SDKROOT = iphoneos;
				SWIFT_ACTIVE_COMPILATION_CONDITIONS = "DEBUG $(inherited)";
				SWIFT_OPTIMIZATION_LEVEL = "-Onone";
			};
			name = Debug;
		};
		59875A6E2DDDEDA200044E2E /* Release */ = {
			isa = XCBuildConfiguration;
			baseConfigurationReference = 59875A952DDE5B4C00044E2E /* Secrets.xcconfig */;
			buildSettings = {
				ALWAYS_SEARCH_USER_PATHS = NO;
				ASSETCATALOG_COMPILER_GENERATE_SWIFT_ASSET_SYMBOL_EXTENSIONS = YES;
				CLANG_ANALYZER_NONNULL = YES;
				CLANG_ANALYZER_NUMBER_OBJECT_CONVERSION = YES_AGGRESSIVE;
				CLANG_CXX_LANGUAGE_STANDARD = "gnu++20";
				CLANG_ENABLE_MODULES = YES;
				CLANG_ENABLE_OBJC_ARC = YES;
				CLANG_ENABLE_OBJC_WEAK = YES;
				CLANG_WARN_BLOCK_CAPTURE_AUTORELEASING = YES;
				CLANG_WARN_BOOL_CONVERSION = YES;
				CLANG_WARN_COMMA = YES;
				CLANG_WARN_CONSTANT_CONVERSION = YES;
				CLANG_WARN_DEPRECATED_OBJC_IMPLEMENTATIONS = YES;
				CLANG_WARN_DIRECT_OBJC_ISA_USAGE = YES_ERROR;
				CLANG_WARN_DOCUMENTATION_COMMENTS = YES;
				CLANG_WARN_EMPTY_BODY = YES;
				CLANG_WARN_ENUM_CONVERSION = YES;
				CLANG_WARN_INFINITE_RECURSION = YES;
				CLANG_WARN_INT_CONVERSION = YES;
				CLANG_WARN_NON_LITERAL_NULL_CONVERSION = YES;
				CLANG_WARN_OBJC_IMPLICIT_RETAIN_SELF = YES;
				CLANG_WARN_OBJC_LITERAL_CONVERSION = YES;
				CLANG_WARN_OBJC_ROOT_CLASS = YES_ERROR;
				CLANG_WARN_QUOTED_INCLUDE_IN_FRAMEWORK_HEADER = YES;
				CLANG_WARN_RANGE_LOOP_ANALYSIS = YES;
				CLANG_WARN_STRICT_PROTOTYPES = YES;
				CLANG_WARN_SUSPICIOUS_MOVE = YES;
				CLANG_WARN_UNGUARDED_AVAILABILITY = YES_AGGRESSIVE;
				CLANG_WARN_UNREACHABLE_CODE = YES;
				CLANG_WARN__DUPLICATE_METHOD_MATCH = YES;
				COPY_PHASE_STRIP = NO;
				DEBUG_INFORMATION_FORMAT = "dwarf-with-dsym";
				ENABLE_NS_ASSERTIONS = NO;
				ENABLE_STRICT_OBJC_MSGSEND = YES;
				ENABLE_USER_SCRIPT_SANDBOXING = YES;
				GCC_C_LANGUAGE_STANDARD = gnu17;
				GCC_NO_COMMON_BLOCKS = YES;
				GCC_WARN_64_TO_32_BIT_CONVERSION = YES;
				GCC_WARN_ABOUT_RETURN_TYPE = YES_ERROR;
				GCC_WARN_UNDECLARED_SELECTOR = YES;
				GCC_WARN_UNINITIALIZED_AUTOS = YES_AGGRESSIVE;
				GCC_WARN_UNUSED_FUNCTION = YES;
				GCC_WARN_UNUSED_VARIABLE = YES;
				IPHONEOS_DEPLOYMENT_TARGET = 18.2;
				LOCALIZATION_PREFERS_STRING_CATALOGS = YES;
				MTL_ENABLE_DEBUG_INFO = NO;
				MTL_FAST_MATH = YES;
				SDKROOT = iphoneos;
				SWIFT_COMPILATION_MODE = wholemodule;
				VALIDATE_PRODUCT = YES;
			};
			name = Release;
		};
		59875A702DDDEDA200044E2E /* Debug */ = {
			isa = XCBuildConfiguration;
			baseConfigurationReference = 59875A952DDE5B4C00044E2E /* Secrets.xcconfig */;
			buildSettings = {
				ASSETCATALOG_COMPILER_APPICON_NAME = AppIcon;
				ASSETCATALOG_COMPILER_GLOBAL_ACCENT_COLOR_NAME = AccentColor;
				CODE_SIGN_STYLE = Automatic;
				CURRENT_PROJECT_VERSION = 1;
				DEVELOPMENT_ASSET_PATHS = "\"AIChatBot/Preview Content\"";
				DEVELOPMENT_TEAM = AYYVX94KMN;
				ENABLE_PREVIEWS = YES;
				GENERATE_INFOPLIST_FILE = YES;
				INFOPLIST_FILE = "$(SRCROOT)/Info.plist";
				INFOPLIST_KEY_NSMicrophoneUsageDescription = "We need microphone access for voice input.";
				INFOPLIST_KEY_NSSpeechRecognitionUsageDescription = "We need speech recognition to convert your voice to text";
				INFOPLIST_KEY_UIApplicationSceneManifest_Generation = YES;
				INFOPLIST_KEY_UIApplicationSupportsIndirectInputEvents = YES;
				INFOPLIST_KEY_UILaunchScreen_Generation = YES;
				INFOPLIST_KEY_UISupportedInterfaceOrientations_iPad = "UIInterfaceOrientationPortrait UIInterfaceOrientationPortraitUpsideDown UIInterfaceOrientationLandscapeLeft UIInterfaceOrientationLandscapeRight";
				INFOPLIST_KEY_UISupportedInterfaceOrientations_iPhone = "UIInterfaceOrientationPortrait UIInterfaceOrientationLandscapeLeft UIInterfaceOrientationLandscapeRight";
				LD_RUNPATH_SEARCH_PATHS = (
					"$(inherited)",
					"@executable_path/Frameworks",
				);
				MARKETING_VERSION = 1.0;
				OPENROUTER_API_KEY = "$(OPENROUTER_API_KEY)";
				PRODUCT_BUNDLE_IDENTIFIER = "com.anjuannemathew.-SwiftUITraining.AIChatBot";
				PRODUCT_NAME = "$(TARGET_NAME)";
				SWIFT_EMIT_LOC_STRINGS = YES;
				SWIFT_VERSION = 5.0;
				TARGETED_DEVICE_FAMILY = "1,2";
			};
			name = Debug;
		};
		59875A712DDDEDA200044E2E /* Release */ = {
			isa = XCBuildConfiguration;
			baseConfigurationReference = 59875A952DDE5B4C00044E2E /* Secrets.xcconfig */;
			buildSettings = {
				ASSETCATALOG_COMPILER_APPICON_NAME = AppIcon;
				ASSETCATALOG_COMPILER_GLOBAL_ACCENT_COLOR_NAME = AccentColor;
				CODE_SIGN_STYLE = Automatic;
				CURRENT_PROJECT_VERSION = 1;
				DEVELOPMENT_ASSET_PATHS = "\"AIChatBot/Preview Content\"";
				DEVELOPMENT_TEAM = AYYVX94KMN;
				ENABLE_PREVIEWS = YES;
				GENERATE_INFOPLIST_FILE = YES;
				INFOPLIST_FILE = "$(SRCROOT)/Info.plist";
				INFOPLIST_KEY_NSMicrophoneUsageDescription = "We need microphone access for voice input.";
				INFOPLIST_KEY_NSSpeechRecognitionUsageDescription = "We need speech recognition to convert your voice to text";
				INFOPLIST_KEY_UIApplicationSceneManifest_Generation = YES;
				INFOPLIST_KEY_UIApplicationSupportsIndirectInputEvents = YES;
				INFOPLIST_KEY_UILaunchScreen_Generation = YES;
				INFOPLIST_KEY_UISupportedInterfaceOrientations_iPad = "UIInterfaceOrientationPortrait UIInterfaceOrientationPortraitUpsideDown UIInterfaceOrientationLandscapeLeft UIInterfaceOrientationLandscapeRight";
				INFOPLIST_KEY_UISupportedInterfaceOrientations_iPhone = "UIInterfaceOrientationPortrait UIInterfaceOrientationLandscapeLeft UIInterfaceOrientationLandscapeRight";
				LD_RUNPATH_SEARCH_PATHS = (
					"$(inherited)",
					"@executable_path/Frameworks",
				);
				MARKETING_VERSION = 1.0;
				OPENROUTER_API_KEY = "$(OPENROUTER_API_KEY)";
				PRODUCT_BUNDLE_IDENTIFIER = "com.anjuannemathew.-SwiftUITraining.AIChatBot";
				PRODUCT_NAME = "$(TARGET_NAME)";
				SWIFT_EMIT_LOC_STRINGS = YES;
				SWIFT_VERSION = 5.0;
				TARGETED_DEVICE_FAMILY = "1,2";
			};
			name = Release;
		};
		59875A732DDDEDA200044E2E /* Debug */ = {
			isa = XCBuildConfiguration;
			baseConfigurationReference = 59875A952DDE5B4C00044E2E /* Secrets.xcconfig */;
			buildSettings = {
				BUNDLE_LOADER = "$(TEST_HOST)";
				CODE_SIGN_STYLE = Automatic;
				CURRENT_PROJECT_VERSION = 1;
				DEVELOPMENT_TEAM = AYYVX94KMN;
				GENERATE_INFOPLIST_FILE = YES;
				IPHONEOS_DEPLOYMENT_TARGET = 18.2;
				MARKETING_VERSION = 1.0;
				PRODUCT_BUNDLE_IDENTIFIER = "com.anjuannemathew.-SwiftUITraining.AIChatBotTests";
				PRODUCT_NAME = "$(TARGET_NAME)";
				SWIFT_EMIT_LOC_STRINGS = NO;
				SWIFT_VERSION = 5.0;
				TARGETED_DEVICE_FAMILY = "1,2";
				TEST_HOST = "$(BUILT_PRODUCTS_DIR)/AIChatBot.app/$(BUNDLE_EXECUTABLE_FOLDER_PATH)/AIChatBot";
			};
			name = Debug;
		};
		59875A742DDDEDA200044E2E /* Release */ = {
			isa = XCBuildConfiguration;
			baseConfigurationReference = 59875A952DDE5B4C00044E2E /* Secrets.xcconfig */;
			buildSettings = {
				BUNDLE_LOADER = "$(TEST_HOST)";
				CODE_SIGN_STYLE = Automatic;
				CURRENT_PROJECT_VERSION = 1;
				DEVELOPMENT_TEAM = AYYVX94KMN;
				GENERATE_INFOPLIST_FILE = YES;
				IPHONEOS_DEPLOYMENT_TARGET = 18.2;
				MARKETING_VERSION = 1.0;
				PRODUCT_BUNDLE_IDENTIFIER = "com.anjuannemathew.-SwiftUITraining.AIChatBotTests";
				PRODUCT_NAME = "$(TARGET_NAME)";
				SWIFT_EMIT_LOC_STRINGS = NO;
				SWIFT_VERSION = 5.0;
				TARGETED_DEVICE_FAMILY = "1,2";
				TEST_HOST = "$(BUILT_PRODUCTS_DIR)/AIChatBot.app/$(BUNDLE_EXECUTABLE_FOLDER_PATH)/AIChatBot";
			};
			name = Release;
		};
		59875A762DDDEDA200044E2E /* Debug */ = {
			isa = XCBuildConfiguration;
			baseConfigurationReference = 59875A952DDE5B4C00044E2E /* Secrets.xcconfig */;
			buildSettings = {
				CODE_SIGN_STYLE = Automatic;
				CURRENT_PROJECT_VERSION = 1;
				DEVELOPMENT_TEAM = AYYVX94KMN;
				GENERATE_INFOPLIST_FILE = YES;
				MARKETING_VERSION = 1.0;
				PRODUCT_BUNDLE_IDENTIFIER = "com.anjuannemathew.-SwiftUITraining.AIChatBotUITests";
				PRODUCT_NAME = "$(TARGET_NAME)";
				SWIFT_EMIT_LOC_STRINGS = NO;
				SWIFT_VERSION = 5.0;
				TARGETED_DEVICE_FAMILY = "1,2";
				TEST_TARGET_NAME = AIChatBot;
			};
			name = Debug;
		};
		59875A772DDDEDA200044E2E /* Release */ = {
			isa = XCBuildConfiguration;
			baseConfigurationReference = 59875A952DDE5B4C00044E2E /* Secrets.xcconfig */;
			buildSettings = {
				CODE_SIGN_STYLE = Automatic;
				CURRENT_PROJECT_VERSION = 1;
				DEVELOPMENT_TEAM = AYYVX94KMN;
				GENERATE_INFOPLIST_FILE = YES;
				MARKETING_VERSION = 1.0;
				PRODUCT_BUNDLE_IDENTIFIER = "com.anjuannemathew.-SwiftUITraining.AIChatBotUITests";
				PRODUCT_NAME = "$(TARGET_NAME)";
				SWIFT_EMIT_LOC_STRINGS = NO;
				SWIFT_VERSION = 5.0;
				TARGETED_DEVICE_FAMILY = "1,2";
				TEST_TARGET_NAME = AIChatBot;
			};
			name = Release;
		};
/* End XCBuildConfiguration section */

/* Begin XCConfigurationList section */
		59875A442DDDEDA100044E2E /* Build configuration list for PBXProject "AIChatBot" */ = {
			isa = XCConfigurationList;
			buildConfigurations = (
				59875A6D2DDDEDA200044E2E /* Debug */,
				59875A6E2DDDEDA200044E2E /* Release */,
			);
			defaultConfigurationIsVisible = 0;
			defaultConfigurationName = Release;
		};
		59875A6F2DDDEDA200044E2E /* Build configuration list for PBXNativeTarget "AIChatBot" */ = {
			isa = XCConfigurationList;
			buildConfigurations = (
				59875A702DDDEDA200044E2E /* Debug */,
				59875A712DDDEDA200044E2E /* Release */,
			);
			defaultConfigurationIsVisible = 0;
			defaultConfigurationName = Release;
		};
		59875A722DDDEDA200044E2E /* Build configuration list for PBXNativeTarget "AIChatBotTests" */ = {
			isa = XCConfigurationList;
			buildConfigurations = (
				59875A732DDDEDA200044E2E /* Debug */,
				59875A742DDDEDA200044E2E /* Release */,
			);
			defaultConfigurationIsVisible = 0;
			defaultConfigurationName = Release;
		};
		59875A752DDDEDA200044E2E /* Build configuration list for PBXNativeTarget "AIChatBotUITests" */ = {
			isa = XCConfigurationList;
			buildConfigurations = (
				59875A762DDDEDA200044E2E /* Debug */,
				59875A772DDDEDA200044E2E /* Release */,
			);
			defaultConfigurationIsVisible = 0;
			defaultConfigurationName = Release;
		};
/* End XCConfigurationList section */
	};
	rootObject = 59875A412DDDEDA100044E2E /* Project object */;
}
